
Microsoft Visual Studio Solution File, Format Version 12.00
# Visual Studio Express 2012 for Windows Desktop
Project("{FAE04EC0-301F-11D3-BF4B-00C04F79EFBC}") = "UnityGUIFramework", "UnityGUIFramework\UnityGUIFramework.csproj", "{A38FD29D-6F8D-4A41-8F3C-5A88B9CF736E}"
EndProject
Project("{FAE04EC0-301F-11D3-BF4B-00C04F79EFBC}") = "EngineGroupController", "EngineGroupController\EngineGroupController.csproj", "{3150A872-6A92-4CE0-B99E-8B8F4B3E5EF0}"
EndProject
Global
	GlobalSection(SolutionConfigurationPlatforms) = preSolution
		Debug|Any CPU = Debug|Any CPU
		Debug|Mixed Platforms = Debug|Mixed Platforms
		Debug|Win32 = Debug|Win32
		Release|Any CPU = Release|Any CPU
		Release|Mixed Platforms = Release|Mixed Platforms
		Release|Win32 = Release|Win32
	EndGlobalSection
	GlobalSection(ProjectConfigurationPlatforms) = postSolution
		{A38FD29D-6F8D-4A41-8F3C-5A88B9CF736E}.Debug|Any CPU.ActiveCfg = Debug|Any CPU
		{A38FD29D-6F8D-4A41-8F3C-5A88B9CF736E}.Debug|Any CPU.Build.0 = Debug|Any CPU
		{A38FD29D-6F8D-4A41-8F3C-5A88B9CF736E}.Debug|Mixed Platforms.ActiveCfg = Debug|Any CPU
		{A38FD29D-6F8D-4A41-8F3C-5A88B9CF736E}.Debug|Mixed Platforms.Build.0 = Debug|Any CPU
		{A38FD29D-6F8D-4A41-8F3C-5A88B9CF736E}.Debug|Win32.ActiveCfg = Debug|Any CPU
		{A38FD29D-6F8D-4A41-8F3C-5A88B9CF736E}.Release|Any CPU.ActiveCfg = Release|Any CPU
		{A38FD29D-6F8D-4A41-8F3C-5A88B9CF736E}.Release|Any CPU.Build.0 = Release|Any CPU
		{A38FD29D-6F8D-4A41-8F3C-5A88B9CF736E}.Release|Mixed Platforms.ActiveCfg = Release|Any CPU
		{A38FD29D-6F8D-4A41-8F3C-5A88B9CF736E}.Release|Mixed Platforms.Build.0 = Release|Any CPU
		{A38FD29D-6F8D-4A41-8F3C-5A88B9CF736E}.Release|Win32.ActiveCfg = Release|Any CPU
		{3150A872-6A92-4CE0-B99E-8B8F4B3E5EF0}.Debug|Any CPU.ActiveCfg = Debug|Any CPU
		{3150A872-6A92-4CE0-B99E-8B8F4B3E5EF0}.Debug|Any CPU.Build.0 = Debug|Any CPU
		{3150A872-6A92-4CE0-B99E-8B8F4B3E5EF0}.Debug|Mixed Platforms.ActiveCfg = Debug|Any CPU
		{3150A872-6A92-4CE0-B99E-8B8F4B3E5EF0}.Debug|Mixed Platforms.Build.0 = Debug|Any CPU
		{3150A872-6A92-4CE0-B99E-8B8F4B3E5EF0}.Debug|Win32.ActiveCfg = Debug|Any CPU
		{3150A872-6A92-4CE0-B99E-8B8F4B3E5EF0}.Release|Any CPU.ActiveCfg = Release|Any CPU
		{3150A872-6A92-4CE0-B99E-8B8F4B3E5EF0}.Release|Any CPU.Build.0 = Release|Any CPU
		{3150A872-6A92-4CE0-B99E-8B8F4B3E5EF0}.Release|Mixed Platforms.ActiveCfg = Release|Any CPU
		{3150A872-6A92-4CE0-B99E-8B8F4B3E5EF0}.Release|Mixed Platforms.Build.0 = Release|Any CPU
		{3150A872-6A92-4CE0-B99E-8B8F4B3E5EF0}.Release|Win32.ActiveCfg = Release|Any CPU
	EndGlobalSection
	GlobalSection(SolutionProperties) = preSolution
		HideSolutionNode = FALSE
	EndGlobalSection
EndGlobal
