
Microsoft Visual Studio Solution File, Format Version 12.00
# Visual Studio Version 16
VisualStudioVersion = 16.0.31515.178
MinimumVisualStudioVersion = 10.0.40219.1
Project("{FAE04EC0-301F-11D3-BF4B-00C04F79EFBC}") = "RealismOverhaul", "RealismOverhaul.csproj", "{FFF27D9C-3079-4072-B390-DF62CBD3567A}"
EndProject
Project("{FAE04EC0-301F-11D3-BF4B-00C04F79EFBC}") = "GameData", "GameData.csproj", "{1388557C-2FD6-4A0F-A276-BEC4A94D5808}"
EndProject
Global
	GlobalSection(SolutionConfigurationPlatforms) = preSolution
		Debug|Any CPU = Debug|Any CPU
		Release|Any CPU = Release|Any CPU
	EndGlobalSection
	GlobalSection(ProjectConfigurationPlatforms) = postSolution
		{FFF27D9C-3079-4072-B390-DF62CBD3567A}.Debug|Any CPU.ActiveCfg = Debug|Any CPU
		{FFF27D9C-3079-4072-B390-DF62CBD3567A}.Debug|Any CPU.Build.0 = Debug|Any CPU
		{FFF27D9C-3079-4072-B390-DF62CBD3567A}.Release|Any CPU.ActiveCfg = Release|Any CPU
		{FFF27D9C-3079-4072-B390-DF62CBD3567A}.Release|Any CPU.Build.0 = Release|Any CPU
		{1388557C-2FD6-4A0F-A276-BEC4A94D5808}.Debug|Any CPU.ActiveCfg = Debug|Any CPU
		{1388557C-2FD6-4A0F-A276-BEC4A94D5808}.Release|Any CPU.ActiveCfg = Release|Any CPU
	EndGlobalSection
	GlobalSection(SolutionProperties) = preSolution
		HideSolutionNode = FALSE
	EndGlobalSection
	GlobalSection(ExtensibilityGlobals) = postSolution
		SolutionGuid = {0D3B0EAD-71E2-4F4D-BF34-51F5F6DF2077}
	EndGlobalSection
EndGlobal
