
Microsoft Visual Studio Solution File, Format Version 12.00
# Visual Studio Express 2012 for Windows Desktop
Project("{FAE04EC0-301F-11D3-BF4B-00C04F79EFBC}") = "RealismOverhaul", "RealismOverhaul.csproj", "{FFF27D9C-3079-4072-B390-DF62CBD3567A}"
EndProject
Global
	GlobalSection(SolutionConfigurationPlatforms) = preSolution
		Debug_linux|Any CPU = Debug_linux|Any CPU
		Debug_win|Any CPU = Debug_win|Any CPU
		Debug|Any CPU = Debug|Any CPU
		Release_linux|Any CPU = Release_linux|Any CPU
		Release_win|Any CPU = Release_win|Any CPU
		Release|Any CPU = Release|Any CPU
	EndGlobalSection
	GlobalSection(ProjectConfigurationPlatforms) = postSolution
		{FFF27D9C-3079-4072-B390-DF62CBD3567A}.Debug_linux|Any CPU.ActiveCfg = Debug|Any CPU
		{FFF27D9C-3079-4072-B390-DF62CBD3567A}.Debug_linux|Any CPU.Build.0 = Debug|Any CPU
		{FFF27D9C-3079-4072-B390-DF62CBD3567A}.Debug_win|Any CPU.ActiveCfg = Debug|Any CPU
		{FFF27D9C-3079-4072-B390-DF62CBD3567A}.Debug_win|Any CPU.Build.0 = Debug|Any CPU
		{FFF27D9C-3079-4072-B390-DF62CBD3567A}.Debug|Any CPU.ActiveCfg = Debug|Any CPU
		{FFF27D9C-3079-4072-B390-DF62CBD3567A}.Debug|Any CPU.Build.0 = Debug|Any CPU
		{FFF27D9C-3079-4072-B390-DF62CBD3567A}.Release_linux|Any CPU.ActiveCfg = Release|Any CPU
		{FFF27D9C-3079-4072-B390-DF62CBD3567A}.Release_linux|Any CPU.Build.0 = Release|Any CPU
		{FFF27D9C-3079-4072-B390-DF62CBD3567A}.Release_win|Any CPU.ActiveCfg = Release|Any CPU
		{FFF27D9C-3079-4072-B390-DF62CBD3567A}.Release_win|Any CPU.Build.0 = Release|Any CPU
		{FFF27D9C-3079-4072-B390-DF62CBD3567A}.Release|Any CPU.ActiveCfg = Release|Any CPU
		{FFF27D9C-3079-4072-B390-DF62CBD3567A}.Release|Any CPU.Build.0 = Release|Any CPU
	EndGlobalSection
	GlobalSection(SolutionProperties) = preSolution
		HideSolutionNode = FALSE
	EndGlobalSection
EndGlobal
